
Microsoft Visual Studio Solution File, Format Version 12.00
# Visual Studio Version 17
VisualStudioVersion = 17.4.33213.308
MinimumVisualStudioVersion = 10.0.40219.1
Project("{FAE04EC0-301F-11D3-BF4B-00C04F79EFBC}") = "Lab01", "Lab01\Lab01.csproj", "{AFB6BD96-1286-4CB8-ADCD-114F882A50AF}"
EndProject
Global
	GlobalSection(SolutionConfigurationPlatforms) = preSolution
		Debug|Any CPU = Debug|Any CPU
		Release|Any CPU = Release|Any CPU
	EndGlobalSection
	GlobalSection(ProjectConfigurationPlatforms) = postSolution
		{AFB6BD96-1286-4CB8-ADCD-114F882A50AF}.Debug|Any CPU.ActiveCfg = Debug|Any CPU
		{AFB6BD96-1286-4CB8-ADCD-114F882A50AF}.Debug|Any CPU.Build.0 = Debug|Any CPU
		{AFB6BD96-1286-4CB8-ADCD-114F882A50AF}.Release|Any CPU.ActiveCfg = Release|Any CPU
		{AFB6BD96-1286-4CB8-ADCD-114F882A50AF}.Release|Any CPU.Build.0 = Release|Any CPU
	EndGlobalSection
	GlobalSection(SolutionProperties) = preSolution
		HideSolutionNode = FALSE
	EndGlobalSection
	GlobalSection(ExtensibilityGlobals) = postSolution
		SolutionGuid = {0D3E173D-8CF4-483E-8E69-31D9165A80B3}
	EndGlobalSection
EndGlobal
